{
  "name": "choices-choices-the-tech-stack",
  "lockfileVersion": 3,
  "requires": true,
  "packages": {
    "": {
      "dependencies": {
        "@directus/sdk": "^12.0.1"
      }
    },
    "node_modules/@directus/sdk": {
      "version": "12.0.1",
      "resolved": "https://registry.npmjs.org/@directus/sdk/-/sdk-12.0.1.tgz",
      "integrity": "sha512-AOTOfoJpnaWxQnSRwZeyNZPju7AJgoifZ3jKNqKmZHdJHdKLrx9BTL5KXIL5vBUEpRsHGxecarsk2OH9L3pnlw==",
      "engines": {
        "node": ">=18.0.0"
      },
      "funding": {
        "url": "https://github.com/directus/directus?sponsor=1"
      }
    }
  }
}
